github.com/apple/foundationdb/bindings/go v0.0.0-20250221231555-5140696da2df h1:XlE/l8moueBRTJr7xt0/9f0HJ1FaLupzguIKoj0a74g=
github.com/apple/foundationdb/bindings/go v0.0.0-20250221231555-5140696da2df/go.mod h1:OMVSB21p9+xQUIqlGizHPZfjK+SHws1ht+ZytVDoz9U=
github.com/apple/foundationdb/bindings/go v0.0.0-20250729213028-d45a17b6576b h1:+Dd3E0bkIZXxSVWRvCvrPThEkAsLholPUTc00tLh5Cs=
github.com/apple/foundationdb/bindings/go v0.0.0-20250729213028-d45a17b6576b/go.mod h1:OMVSB21p9+xQUIqlGizHPZfjK+SHws1ht+ZytVDoz9U=
github.com/google/go-cmp v0.5.5 h1:Khx7svrCpmxxtHBq5j2mp/xVjsi8hQMfNLvJFAlrGgU=
github.com/google/go-cmp v0.5.5/go.mod h1:v8dTdLbMG2kIc/vJvl+f65V22dbkXbowE6jgT/gNBxE=
golang.org/x/xerrors v0.0.0-20191204190536-9bdfabe68543 h1:E7g+9GITq07hpfrRu66IVDexMakfv52eLZ2CXBWiKr4=
golang.org/x/xerrors v0.0.0-20191204190536-9bdfabe68543/go.mod h1:I/5z698sn9Ka8TeJc9MKroUUfqBBauWjQqLJ2OPfmY0=
google.golang.org/protobuf v1.36.6 h1:z1NpPI8ku2WgiWnf+t9wTPsn6eP1L7ksHUlkfLvd9xY=
google.golang.org/protobuf v1.36.6/go.mod h1:jduwjTPXsFjZGTmRluh+L6NjiWu7pchiJ2/5YcXBHnY=
